{
  "name": "epscaxplor-ingestion-bridge",
  "lockfileVersion": 3,
  "requires": true,
  "packages": {
    "": {
      "name": "epscaxplor-ingestion-bridge",
      "dependencies": {
        "table-preserving-doc-standard": "^0.1.0"
      },
      "engines": {
        "node": ">=18"
      }
    },
    "node_modules/table-preserving-doc-standard": {
      "version": "0.1.0",
      "resolved": "https://registry.npmjs.org/table-preserving-doc-standard/-/table-preserving-doc-standard-0.1.0.tgz",
      "integrity": "sha512-oJxILW6naK2gdDEkac6kGWpePst7cSwc470ye+lHsOdQKPvUqb1GVPogiDyWiJcYDTlBkUUwrIMCTcawfd7D0Q==",
      "license": "MIT",
      "dependencies": {
        "zod": "^4.1.11"
      },
      "bin": {
        "tpds": "dist/cli.js"
      },
      "engines": {
        "node": ">=18"
      }
    },
    "node_modules/zod": {
      "version": "4.3.6",
      "resolved": "https://registry.npmjs.org/zod/-/zod-4.3.6.tgz",
      "integrity": "sha512-rftlrkhHZOcjDwkGlnUtZZkvaPHCsDATp4pGpuOOMDaTdDDXF91wuVDJoWoPsKX/3YPQ5fHuF3STjcYyKr+Qhg==",
      "license": "MIT",
      "funding": {
        "url": "https://github.com/sponsors/colinhacks"
      }
    }
  }
}
